// !$*UTF8*$!
{
	archiveVersion = 1;
	classes = {
	};
	objectVersion = 56;
	objects = {

/* Begin PBXBuildFile section */
		EF089BCD2917EC1D00369941 /* P05SimpleMath.swift in Sources */ = {isa = PBXBuildFile; fileRef = EF089BCC2917EC1D00369941 /* P05SimpleMath.swift */; };
		EF089BCF2917EC2C00369941 /* SimpleMathTests.swift in Sources */ = {isa = PBXBuildFile; fileRef = EF089BCE2917EC2C00369941 /* SimpleMathTests.swift */; };
		EF28F61E2916F9B600BA62A0 /* Problem03-PrintQuotes.swift in Sources */ = {isa = PBXBuildFile; fileRef = EF28F61D2916F9B600BA62A0 /* Problem03-PrintQuotes.swift */; };
		EF28F6202916FA0C00BA62A0 /* printQuotesTests.swift in Sources */ = {isa = PBXBuildFile; fileRef = EF28F61F2916FA0C00BA62A0 /* printQuotesTests.swift */; };
		EF6FF9A42917CE4A0038C291 /* P04MadLib.swift in Sources */ = {isa = PBXBuildFile; fileRef = EF6FF9A32917CE4A0038C291 /* P04MadLib.swift */; };
		EF6FF9A62917CE5B0038C291 /* MadLibTests.swift in Sources */ = {isa = PBXBuildFile; fileRef = EF6FF9A52917CE5B0038C291 /* MadLibTests.swift */; };
		EF861E572914EDD100E006A6 /* AppDelegate.swift in Sources */ = {isa = PBXBuildFile; fileRef = EF861E562914EDD100E006A6 /* AppDelegate.swift */; };
		EF861E592914EDD100E006A6 /* SceneDelegate.swift in Sources */ = {isa = PBXBuildFile; fileRef = EF861E582914EDD100E006A6 /* SceneDelegate.swift */; };
		EF861E5B2914EDD100E006A6 /* ViewController.swift in Sources */ = {isa = PBXBuildFile; fileRef = EF861E5A2914EDD100E006A6 /* ViewController.swift */; };
		EF861E5E2914EDD100E006A6 /* Main.storyboard in Resources */ = {isa = PBXBuildFile; fileRef = EF861E5C2914EDD100E006A6 /* Main.storyboard */; };
		EF861E602914EDD200E006A6 /* Assets.xcassets in Resources */ = {isa = PBXBuildFile; fileRef = EF861E5F2914EDD200E006A6 /* Assets.xcassets */; };
		EF861E632914EDD200E006A6 /* LaunchScreen.storyboard in Resources */ = {isa = PBXBuildFile; fileRef = EF861E612914EDD200E006A6 /* LaunchScreen.storyboard */; };
		EF861E872914EE5A00E006A6 /* P00-tipCalculator.swift in Sources */ = {isa = PBXBuildFile; fileRef = EF861E862914EE5A00E006A6 /* P00-tipCalculator.swift */; };
		EF861E892914F49000E006A6 /* tipCalculatorTests.swift in Sources */ = {isa = PBXBuildFile; fileRef = EF861E882914F49000E006A6 /* tipCalculatorTests.swift */; };
		EF861E8E29156F3000E006A6 /* P01-HelloWorld.swift in Sources */ = {isa = PBXBuildFile; fileRef = EF861E8D29156F3000E006A6 /* P01-HelloWorld.swift */; };
		EF861E902915706D00E006A6 /* WelcomeUserTests.swift in Sources */ = {isa = PBXBuildFile; fileRef = EF861E8F2915706D00E006A6 /* WelcomeUserTests.swift */; };
		EF8D42672915B0DE00549C5A /* problem02-numOfChar.swift in Sources */ = {isa = PBXBuildFile; fileRef = EF8D42662915B0DE00549C5A /* problem02-numOfChar.swift */; };
		EF8D42692915B11300549C5A /* NumOfCharTests.swift in Sources */ = {isa = PBXBuildFile; fileRef = EF8D42682915B11300549C5A /* NumOfCharTests.swift */; };
		EF963B56291E504A006B5282 /* DoubleExtensions.swift in Sources */ = {isa = PBXBuildFile; fileRef = EF963B55291E504A006B5282 /* DoubleExtensions.swift */; };
		EF963B58291E5334006B5282 /* Helper.swift in Sources */ = {isa = PBXBuildFile; fileRef = EF963B57291E5334006B5282 /* Helper.swift */; };
		EF963B5A291E643E006B5282 /* P08PizzaParty.swift in Sources */ = {isa = PBXBuildFile; fileRef = EF963B59291E643E006B5282 /* P08PizzaParty.swift */; };
		EF963B5C291E6452006B5282 /* PizzaPartyTests.swift in Sources */ = {isa = PBXBuildFile; fileRef = EF963B5B291E6452006B5282 /* PizzaPartyTests.swift */; };
		EFB58A56292292C200DEB846 /* P09PaintCalculator.swift in Sources */ = {isa = PBXBuildFile; fileRef = EFB58A55292292C200DEB846 /* P09PaintCalculator.swift */; };
		EFB58A582922930600DEB846 /* PaintCalculatorTests.swift in Sources */ = {isa = PBXBuildFile; fileRef = EFB58A572922930600DEB846 /* PaintCalculatorTests.swift */; };
		EFC6A0B329195BE7008345A8 /* P06RetirementCalculator.swift in Sources */ = {isa = PBXBuildFile; fileRef = EFC6A0B229195BE7008345A8 /* P06RetirementCalculator.swift */; };
		EFC6A0B529195C08008345A8 /* RetirementCalculatorTests.swift in Sources */ = {isa = PBXBuildFile; fileRef = EFC6A0B429195C08008345A8 /* RetirementCalculatorTests.swift */; };
		EFD5D0B9291AA53600D6FDAF /* P07AreaOfRectangle.swift in Sources */ = {isa = PBXBuildFile; fileRef = EFD5D0B8291AA53600D6FDAF /* P07AreaOfRectangle.swift */; };
		EFD5D0BB291AA54E00D6FDAF /* AreaOfRectangleTests.swift in Sources */ = {isa = PBXBuildFile; fileRef = EFD5D0BA291AA54E00D6FDAF /* AreaOfRectangleTests.swift */; };
/* End PBXBuildFile section */

/* Begin PBXContainerItemProxy section */
		EF861E6A2914EDD200E006A6 /* PBXContainerItemProxy */ = {
			isa = PBXContainerItemProxy;
			containerPortal = EF861E4B2914EDD100E006A6 /* Project object */;
			proxyType = 1;
			remoteGlobalIDString = EF861E522914EDD100E006A6;
			remoteInfo = "57-problems-coding-skills";
		};
		EF861E742914EDD200E006A6 /* PBXContainerItemProxy */ = {
			isa = PBXContainerItemProxy;
			containerPortal = EF861E4B2914EDD100E006A6 /* Project object */;
			proxyType = 1;
			remoteGlobalIDString = EF861E522914EDD100E006A6;
			remoteInfo = "57-problems-coding-skills";
		};
/* End PBXContainerItemProxy section */

/* Begin PBXFileReference section */
		EF089BCC2917EC1D00369941 /* P05SimpleMath.swift */ = {isa = PBXFileReference; lastKnownFileType = sourcecode.swift; path = P05SimpleMath.swift; sourceTree = "<group>"; };
		EF089BCE2917EC2C00369941 /* SimpleMathTests.swift */ = {isa = PBXFileReference; lastKnownFileType = sourcecode.swift; path = SimpleMathTests.swift; sourceTree = "<group>"; };
		EF28F61D2916F9B600BA62A0 /* Problem03-PrintQuotes.swift */ = {isa = PBXFileReference; lastKnownFileType = sourcecode.swift; path = "Problem03-PrintQuotes.swift"; sourceTree = "<group>"; };
		EF28F61F2916FA0C00BA62A0 /* printQuotesTests.swift */ = {isa = PBXFileReference; lastKnownFileType = sourcecode.swift; path = printQuotesTests.swift; sourceTree = "<group>"; };
		EF6FF9A32917CE4A0038C291 /* P04MadLib.swift */ = {isa = PBXFileReference; lastKnownFileType = sourcecode.swift; path = P04MadLib.swift; sourceTree = "<group>"; };
		EF6FF9A52917CE5B0038C291 /* MadLibTests.swift */ = {isa = PBXFileReference; lastKnownFileType = sourcecode.swift; path = MadLibTests.swift; sourceTree = "<group>"; };
		EF861E532914EDD100E006A6 /* 57-problems-coding-skills.app */ = {isa = PBXFileReference; explicitFileType = wrapper.application; includeInIndex = 0; path = "57-problems-coding-skills.app"; sourceTree = BUILT_PRODUCTS_DIR; };
		EF861E562914EDD100E006A6 /* AppDelegate.swift */ = {isa = PBXFileReference; lastKnownFileType = sourcecode.swift; path = AppDelegate.swift; sourceTree = "<group>"; };
		EF861E582914EDD100E006A6 /* SceneDelegate.swift */ = {isa = PBXFileReference; lastKnownFileType = sourcecode.swift; path = SceneDelegate.swift; sourceTree = "<group>"; };
		EF861E5A2914EDD100E006A6 /* ViewController.swift */ = {isa = PBXFileReference; lastKnownFileType = sourcecode.swift; path = ViewController.swift; sourceTree = "<group>"; };
		EF861E5D2914EDD100E006A6 /* Base */ = {isa = PBXFileReference; lastKnownFileType = file.storyboard; name = Base; path = Base.lproj/Main.storyboard; sourceTree = "<group>"; };
		EF861E5F2914EDD200E006A6 /* Assets.xcassets */ = {isa = PBXFileReference; lastKnownFileType = folder.assetcatalog; path = Assets.xcassets; sourceTree = "<group>"; };
		EF861E622914EDD200E006A6 /* Base */ = {isa = PBXFileReference; lastKnownFileType = file.storyboard; name = Base; path = Base.lproj/LaunchScreen.storyboard; sourceTree = "<group>"; };
		EF861E642914EDD200E006A6 /* Info.plist */ = {isa = PBXFileReference; lastKnownFileType = text.plist.xml; path = Info.plist; sourceTree = "<group>"; };
		EF861E692914EDD200E006A6 /* 57-problems-coding-skillsTests.xctest */ = {isa = PBXFileReference; explicitFileType = wrapper.cfbundle; includeInIndex = 0; path = "57-problems-coding-skillsTests.xctest"; sourceTree = BUILT_PRODUCTS_DIR; };
		EF861E732914EDD200E006A6 /* 57-problems-coding-skillsUITests.xctest */ = {isa = PBXFileReference; explicitFileType = wrapper.cfbundle; includeInIndex = 0; path = "57-problems-coding-skillsUITests.xctest"; sourceTree = BUILT_PRODUCTS_DIR; };
		EF861E862914EE5A00E006A6 /* P00-tipCalculator.swift */ = {isa = PBXFileReference; lastKnownFileType = sourcecode.swift; path = "P00-tipCalculator.swift"; sourceTree = "<group>"; };
		EF861E882914F49000E006A6 /* tipCalculatorTests.swift */ = {isa = PBXFileReference; lastKnownFileType = sourcecode.swift; path = tipCalculatorTests.swift; sourceTree = "<group>"; };
		EF861E8D29156F3000E006A6 /* P01-HelloWorld.swift */ = {isa = PBXFileReference; lastKnownFileType = sourcecode.swift; path = "P01-HelloWorld.swift"; sourceTree = "<group>"; };
		EF861E8F2915706D00E006A6 /* WelcomeUserTests.swift */ = {isa = PBXFileReference; lastKnownFileType = sourcecode.swift; path = WelcomeUserTests.swift; sourceTree = "<group>"; };
		EF8D42662915B0DE00549C5A /* problem02-numOfChar.swift */ = {isa = PBXFileReference; lastKnownFileType = sourcecode.swift; path = "problem02-numOfChar.swift"; sourceTree = "<group>"; };
		EF8D42682915B11300549C5A /* NumOfCharTests.swift */ = {isa = PBXFileReference; lastKnownFileType = sourcecode.swift; path = NumOfCharTests.swift; sourceTree = "<group>"; };
		EF963B55291E504A006B5282 /* DoubleExtensions.swift */ = {isa = PBXFileReference; lastKnownFileType = sourcecode.swift; path = DoubleExtensions.swift; sourceTree = "<group>"; };
		EF963B57291E5334006B5282 /* Helper.swift */ = {isa = PBXFileReference; lastKnownFileType = sourcecode.swift; path = Helper.swift; sourceTree = "<group>"; };
		EF963B59291E643E006B5282 /* P08PizzaParty.swift */ = {isa = PBXFileReference; lastKnownFileType = sourcecode.swift; path = P08PizzaParty.swift; sourceTree = "<group>"; };
		EF963B5B291E6452006B5282 /* PizzaPartyTests.swift */ = {isa = PBXFileReference; lastKnownFileType = sourcecode.swift; path = PizzaPartyTests.swift; sourceTree = "<group>"; };
		EFB58A55292292C200DEB846 /* P09PaintCalculator.swift */ = {isa = PBXFileReference; lastKnownFileType = sourcecode.swift; path = P09PaintCalculator.swift; sourceTree = "<group>"; };
		EFB58A572922930600DEB846 /* PaintCalculatorTests.swift */ = {isa = PBXFileReference; lastKnownFileType = sourcecode.swift; path = PaintCalculatorTests.swift; sourceTree = "<group>"; };
		EFC6A0B229195BE7008345A8 /* P06RetirementCalculator.swift */ = {isa = PBXFileReference; lastKnownFileType = sourcecode.swift; path = P06RetirementCalculator.swift; sourceTree = "<group>"; };
		EFC6A0B429195C08008345A8 /* RetirementCalculatorTests.swift */ = {isa = PBXFileReference; lastKnownFileType = sourcecode.swift; path = RetirementCalculatorTests.swift; sourceTree = "<group>"; };
		EFD5D0B8291AA53600D6FDAF /* P07AreaOfRectangle.swift */ = {isa = PBXFileReference; lastKnownFileType = sourcecode.swift; path = P07AreaOfRectangle.swift; sourceTree = "<group>"; };
		EFD5D0BA291AA54E00D6FDAF /* AreaOfRectangleTests.swift */ = {isa = PBXFileReference; lastKnownFileType = sourcecode.swift; path = AreaOfRectangleTests.swift; sourceTree = "<group>"; };
/* End PBXFileReference section */

/* Begin PBXFrameworksBuildPhase section */
		EF861E502914EDD100E006A6 /* Frameworks */ = {
			isa = PBXFrameworksBuildPhase;
			buildActionMask = 2147483647;
			files = (
			);
			runOnlyForDeploymentPostprocessing = 0;
		};
		EF861E662914EDD200E006A6 /* Frameworks */ = {
			isa = PBXFrameworksBuildPhase;
			buildActionMask = 2147483647;
			files = (
			);
			runOnlyForDeploymentPostprocessing = 0;
		};
		EF861E702914EDD200E006A6 /* Frameworks */ = {
			isa = PBXFrameworksBuildPhase;
			buildActionMask = 2147483647;
			files = (
			);
			runOnlyForDeploymentPostprocessing = 0;
		};
/* End PBXFrameworksBuildPhase section */

/* Begin PBXGroup section */
		EF861E4A2914EDD100E006A6 = {
			isa = PBXGroup;
			children = (
				EF861E552914EDD100E006A6 /* 57-problems-coding-skills */,
				EF861E6C2914EDD200E006A6 /* 57-problems-coding-skillsTests */,
				EF861E542914EDD100E006A6 /* Products */,
			);
			sourceTree = "<group>";
		};
		EF861E542914EDD100E006A6 /* Products */ = {
			isa = PBXGroup;
			children = (
				EF861E532914EDD100E006A6 /* 57-problems-coding-skills.app */,
				EF861E692914EDD200E006A6 /* 57-problems-coding-skillsTests.xctest */,
				EF861E732914EDD200E006A6 /* 57-problems-coding-skillsUITests.xctest */,
			);
			name = Products;
			sourceTree = "<group>";
		};
		EF861E552914EDD100E006A6 /* 57-problems-coding-skills */ = {
			isa = PBXGroup;
			children = (
				EF963B54291E5032006B5282 /* helpers */,
				EF861E8C29156ECC00E006A6 /* problems */,
				EF861E562914EDD100E006A6 /* AppDelegate.swift */,
				EF861E582914EDD100E006A6 /* SceneDelegate.swift */,
				EF861E5A2914EDD100E006A6 /* ViewController.swift */,
				EF861E5C2914EDD100E006A6 /* Main.storyboard */,
				EF861E5F2914EDD200E006A6 /* Assets.xcassets */,
				EF861E612914EDD200E006A6 /* LaunchScreen.storyboard */,
				EF861E642914EDD200E006A6 /* Info.plist */,
			);
			path = "57-problems-coding-skills";
			sourceTree = "<group>";
		};
		EF861E6C2914EDD200E006A6 /* 57-problems-coding-skillsTests */ = {
			isa = PBXGroup;
			children = (
				EF861E882914F49000E006A6 /* tipCalculatorTests.swift */,
				EF861E8F2915706D00E006A6 /* WelcomeUserTests.swift */,
				EF8D42682915B11300549C5A /* NumOfCharTests.swift */,
				EF28F61F2916FA0C00BA62A0 /* printQuotesTests.swift */,
				EF6FF9A52917CE5B0038C291 /* MadLibTests.swift */,
				EF089BCE2917EC2C00369941 /* SimpleMathTests.swift */,
				EFC6A0B429195C08008345A8 /* RetirementCalculatorTests.swift */,
				EFD5D0BA291AA54E00D6FDAF /* AreaOfRectangleTests.swift */,
				EF963B5B291E6452006B5282 /* PizzaPartyTests.swift */,
				EFB58A572922930600DEB846 /* PaintCalculatorTests.swift */,
			);
			path = "57-problems-coding-skillsTests";
			sourceTree = "<group>";
		};
		EF861E8C29156ECC00E006A6 /* problems */ = {
			isa = PBXGroup;
			children = (
				EF861E862914EE5A00E006A6 /* P00-tipCalculator.swift */,
				EF861E8D29156F3000E006A6 /* P01-HelloWorld.swift */,
				EF8D42662915B0DE00549C5A /* problem02-numOfChar.swift */,
				EF28F61D2916F9B600BA62A0 /* Problem03-PrintQuotes.swift */,
				EF6FF9A32917CE4A0038C291 /* P04MadLib.swift */,
				EF089BCC2917EC1D00369941 /* P05SimpleMath.swift */,
				EFC6A0B229195BE7008345A8 /* P06RetirementCalculator.swift */,
				EFD5D0B8291AA53600D6FDAF /* P07AreaOfRectangle.swift */,
				EF963B59291E643E006B5282 /* P08PizzaParty.swift */,
				EFB58A55292292C200DEB846 /* P09PaintCalculator.swift */,
			);
			path = problems;
			sourceTree = "<group>";
		};
		EF963B54291E5032006B5282 /* helpers */ = {
			isa = PBXGroup;
			children = (
				EF963B55291E504A006B5282 /* DoubleExtensions.swift */,
				EF963B57291E5334006B5282 /* Helper.swift */,
			);
			path = helpers;
			sourceTree = "<group>";
		};
/* End PBXGroup section */

/* Begin PBXNativeTarget section */
		EF861E522914EDD100E006A6 /* 57-problems-coding-skills */ = {
			isa = PBXNativeTarget;
			buildConfigurationList = EF861E7D2914EDD200E006A6 /* Build configuration list for PBXNativeTarget "57-problems-coding-skills" */;
			buildPhases = (
				EF861E4F2914EDD100E006A6 /* Sources */,
				EF861E502914EDD100E006A6 /* Frameworks */,
				EF861E512914EDD100E006A6 /* Resources */,
			);
			buildRules = (
			);
			dependencies = (
			);
			name = "57-problems-coding-skills";
			productName = "57-problems-coding-skills";
			productReference = EF861E532914EDD100E006A6 /* 57-problems-coding-skills.app */;
			productType = "com.apple.product-type.application";
		};
		EF861E682914EDD200E006A6 /* 57-problems-coding-skillsTests */ = {
			isa = PBXNativeTarget;
			buildConfigurationList = EF861E802914EDD200E006A6 /* Build configuration list for PBXNativeTarget "57-problems-coding-skillsTests" */;
			buildPhases = (
				EF861E652914EDD200E006A6 /* Sources */,
				EF861E662914EDD200E006A6 /* Frameworks */,
				EF861E672914EDD200E006A6 /* Resources */,
			);
			buildRules = (
			);
			dependencies = (
				EF861E6B2914EDD200E006A6 /* PBXTargetDependency */,
			);
			name = "57-problems-coding-skillsTests";
			productName = "57-problems-coding-skillsTests";
			productReference = EF861E692914EDD200E006A6 /* 57-problems-coding-skillsTests.xctest */;
			productType = "com.apple.product-type.bundle.unit-test";
		};
		EF861E722914EDD200E006A6 /* 57-problems-coding-skillsUITests */ = {
			isa = PBXNativeTarget;
			buildConfigurationList = EF861E832914EDD200E006A6 /* Build configuration list for PBXNativeTarget "57-problems-coding-skillsUITests" */;
			buildPhases = (
				EF861E6F2914EDD200E006A6 /* Sources */,
				EF861E702914EDD200E006A6 /* Frameworks */,
				EF861E712914EDD200E006A6 /* Resources */,
			);
			buildRules = (
			);
			dependencies = (
				EF861E752914EDD200E006A6 /* PBXTargetDependency */,
			);
			name = "57-problems-coding-skillsUITests";
			productName = "57-problems-coding-skillsUITests";
			productReference = EF861E732914EDD200E006A6 /* 57-problems-coding-skillsUITests.xctest */;
			productType = "com.apple.product-type.bundle.ui-testing";
		};
/* End PBXNativeTarget section */

/* Begin PBXProject section */
		EF861E4B2914EDD100E006A6 /* Project object */ = {
			isa = PBXProject;
			attributes = {
				BuildIndependentTargetsInParallel = 1;
				LastSwiftUpdateCheck = 1400;
				LastUpgradeCheck = 1400;
				TargetAttributes = {
					EF861E522914EDD100E006A6 = {
						CreatedOnToolsVersion = 14.0;
					};
					EF861E682914EDD200E006A6 = {
						CreatedOnToolsVersion = 14.0;
						LastSwiftMigration = 1400;
						TestTargetID = EF861E522914EDD100E006A6;
					};
					EF861E722914EDD200E006A6 = {
						CreatedOnToolsVersion = 14.0;
						TestTargetID = EF861E522914EDD100E006A6;
					};
				};
			};
			buildConfigurationList = EF861E4E2914EDD100E006A6 /* Build configuration list for PBXProject "57-problems-coding-skills" */;
			compatibilityVersion = "Xcode 14.0";
			developmentRegion = en;
			hasScannedForEncodings = 0;
			knownRegions = (
				en,
				Base,
			);
			mainGroup = EF861E4A2914EDD100E006A6;
			productRefGroup = EF861E542914EDD100E006A6 /* Products */;
			projectDirPath = "";
			projectRoot = "";
			targets = (
				EF861E522914EDD100E006A6 /* 57-problems-coding-skills */,
				EF861E682914EDD200E006A6 /* 57-problems-coding-skillsTests */,
				EF861E722914EDD200E006A6 /* 57-problems-coding-skillsUITests */,
			);
		};
/* End PBXProject section */

/* Begin PBXResourcesBuildPhase section */
		EF861E512914EDD100E006A6 /* Resources */ = {
			isa = PBXResourcesBuildPhase;
			buildActionMask = 2147483647;
			files = (
				EF861E632914EDD200E006A6 /* LaunchScreen.storyboard in Resources */,
				EF861E602914EDD200E006A6 /* Assets.xcassets in Resources */,
				EF861E5E2914EDD100E006A6 /* Main.storyboard in Resources */,
			);
			runOnlyForDeploymentPostprocessing = 0;
		};
		EF861E672914EDD200E006A6 /* Resources */ = {
			isa = PBXResourcesBuildPhase;
			buildActionMask = 2147483647;
			files = (
			);
			runOnlyForDeploymentPostprocessing = 0;
		};
		EF861E712914EDD200E006A6 /* Resources */ = {
			isa = PBXResourcesBuildPhase;
			buildActionMask = 2147483647;
			files = (
			);
			runOnlyForDeploymentPostprocessing = 0;
		};
/* End PBXResourcesBuildPhase section */

/* Begin PBXSourcesBuildPhase section */
		EF861E4F2914EDD100E006A6 /* Sources */ = {
			isa = PBXSourcesBuildPhase;
			buildActionMask = 2147483647;
			files = (
				EF861E5B2914EDD100E006A6 /* ViewController.swift in Sources */,
				EFC6A0B329195BE7008345A8 /* P06RetirementCalculator.swift in Sources */,
				EF861E572914EDD100E006A6 /* AppDelegate.swift in Sources */,
				EF8D42672915B0DE00549C5A /* problem02-numOfChar.swift in Sources */,
				EF963B56291E504A006B5282 /* DoubleExtensions.swift in Sources */,
				EFB58A56292292C200DEB846 /* P09PaintCalculator.swift in Sources */,
				EF861E592914EDD100E006A6 /* SceneDelegate.swift in Sources */,
				EFD5D0B9291AA53600D6FDAF /* P07AreaOfRectangle.swift in Sources */,
				EF861E8E29156F3000E006A6 /* P01-HelloWorld.swift in Sources */,
				EF963B5A291E643E006B5282 /* P08PizzaParty.swift in Sources */,
				EF861E872914EE5A00E006A6 /* P00-tipCalculator.swift in Sources */,
				EF089BCD2917EC1D00369941 /* P05SimpleMath.swift in Sources */,
				EF963B58291E5334006B5282 /* Helper.swift in Sources */,
				EF28F61E2916F9B600BA62A0 /* Problem03-PrintQuotes.swift in Sources */,
				EF6FF9A42917CE4A0038C291 /* P04MadLib.swift in Sources */,
			);
			runOnlyForDeploymentPostprocessing = 0;
		};
		EF861E652914EDD200E006A6 /* Sources */ = {
			isa = PBXSourcesBuildPhase;
			buildActionMask = 2147483647;
			files = (
				EFB58A582922930600DEB846 /* PaintCalculatorTests.swift in Sources */,
				EF963B5C291E6452006B5282 /* PizzaPartyTests.swift in Sources */,
				EF861E892914F49000E006A6 /* tipCalculatorTests.swift in Sources */,
				EF8D42692915B11300549C5A /* NumOfCharTests.swift in Sources */,
				EF28F6202916FA0C00BA62A0 /* printQuotesTests.swift in Sources */,
				EFD5D0BB291AA54E00D6FDAF /* AreaOfRectangleTests.swift in Sources */,
				EF089BCF2917EC2C00369941 /* SimpleMathTests.swift in Sources */,
				EFC6A0B529195C08008345A8 /* RetirementCalculatorTests.swift in Sources */,
				EF861E902915706D00E006A6 /* WelcomeUserTests.swift in Sources */,
				EF6FF9A62917CE5B0038C291 /* MadLibTests.swift in Sources */,
			);
			runOnlyForDeploymentPostprocessing = 0;
		};
		EF861E6F2914EDD200E006A6 /* Sources */ = {
			isa = PBXSourcesBuildPhase;
			buildActionMask = 2147483647;
			files = (
			);
			runOnlyForDeploymentPostprocessing = 0;
		};
/* End PBXSourcesBuildPhase section */

/* Begin PBXTargetDependency section */
		EF861E6B2914EDD200E006A6 /* PBXTargetDependency */ = {
			isa = PBXTargetDependency;
			target = EF861E522914EDD100E006A6 /* 57-problems-coding-skills */;
			targetProxy = EF861E6A2914EDD200E006A6 /* PBXContainerItemProxy */;
		};
		EF861E752914EDD200E006A6 /* PBXTargetDependency */ = {
			isa = PBXTargetDependency;
			target = EF861E522914EDD100E006A6 /* 57-problems-coding-skills */;
			targetProxy = EF861E742914EDD200E006A6 /* PBXContainerItemProxy */;
		};
/* End PBXTargetDependency section */

/* Begin PBXVariantGroup section */
		EF861E5C2914EDD100E006A6 /* Main.storyboard */ = {
			isa = PBXVariantGroup;
			children = (
				EF861E5D2914EDD100E006A6 /* Base */,
			);
			name = Main.storyboard;
			sourceTree = "<group>";
		};
		EF861E612914EDD200E006A6 /* LaunchScreen.storyboard */ = {
			isa = PBXVariantGroup;
			children = (
				EF861E622914EDD200E006A6 /* Base */,
			);
			name = LaunchScreen.storyboard;
			sourceTree = "<group>";
		};
/* End PBXVariantGroup section */

/* Begin XCBuildConfiguration section */
		EF861E7B2914EDD200E006A6 /* Debug */ = {
			isa = XCBuildConfiguration;
			buildSettings = {
				ALWAYS_SEARCH_USER_PATHS = NO;
				CLANG_ANALYZER_NONNULL = YES;
				CLANG_ANALYZER_NUMBER_OBJECT_CONVERSION = YES_AGGRESSIVE;
				CLANG_CXX_LANGUAGE_STANDARD = "gnu++20";
				CLANG_ENABLE_MODULES = YES;
				CLANG_ENABLE_OBJC_ARC = YES;
				CLANG_ENABLE_OBJC_WEAK = YES;
				CLANG_WARN_BLOCK_CAPTURE_AUTORELEASING = YES;
				CLANG_WARN_BOOL_CONVERSION = YES;
				CLANG_WARN_COMMA = YES;
				CLANG_WARN_CONSTANT_CONVERSION = YES;
				CLANG_WARN_DEPRECATED_OBJC_IMPLEMENTATIONS = YES;
				CLANG_WARN_DIRECT_OBJC_ISA_USAGE = YES_ERROR;
				CLANG_WARN_DOCUMENTATION_COMMENTS = YES;
				CLANG_WARN_EMPTY_BODY = YES;
				CLANG_WARN_ENUM_CONVERSION = YES;
				CLANG_WARN_INFINITE_RECURSION = YES;
				CLANG_WARN_INT_CONVERSION = YES;
				CLANG_WARN_NON_LITERAL_NULL_CONVERSION = YES;
				CLANG_WARN_OBJC_IMPLICIT_RETAIN_SELF = YES;
				CLANG_WARN_OBJC_LITERAL_CONVERSION = YES;
				CLANG_WARN_OBJC_ROOT_CLASS = YES_ERROR;
				CLANG_WARN_QUOTED_INCLUDE_IN_FRAMEWORK_HEADER = YES;
				CLANG_WARN_RANGE_LOOP_ANALYSIS = YES;
				CLANG_WARN_STRICT_PROTOTYPES = YES;
				CLANG_WARN_SUSPICIOUS_MOVE = YES;
				CLANG_WARN_UNGUARDED_AVAILABILITY = YES_AGGRESSIVE;
				CLANG_WARN_UNREACHABLE_CODE = YES;
				CLANG_WARN__DUPLICATE_METHOD_MATCH = YES;
				COPY_PHASE_STRIP = NO;
				DEBUG_INFORMATION_FORMAT = dwarf;
				ENABLE_STRICT_OBJC_MSGSEND = YES;
				ENABLE_TESTABILITY = YES;
				GCC_C_LANGUAGE_STANDARD = gnu11;
				GCC_DYNAMIC_NO_PIC = NO;
				GCC_NO_COMMON_BLOCKS = YES;
				GCC_OPTIMIZATION_LEVEL = 0;
				GCC_PREPROCESSOR_DEFINITIONS = (
					"DEBUG=1",
					"$(inherited)",
				);
				GCC_WARN_64_TO_32_BIT_CONVERSION = YES;
				GCC_WARN_ABOUT_RETURN_TYPE = YES_ERROR;
				GCC_WARN_UNDECLARED_SELECTOR = YES;
				GCC_WARN_UNINITIALIZED_AUTOS = YES_AGGRESSIVE;
				GCC_WARN_UNUSED_FUNCTION = YES;
				GCC_WARN_UNUSED_VARIABLE = YES;
				IPHONEOS_DEPLOYMENT_TARGET = 16.0;
				MTL_ENABLE_DEBUG_INFO = INCLUDE_SOURCE;
				MTL_FAST_MATH = YES;
				ONLY_ACTIVE_ARCH = YES;
				SDKROOT = iphoneos;
				SWIFT_ACTIVE_COMPILATION_CONDITIONS = DEBUG;
				SWIFT_OPTIMIZATION_LEVEL = "-Onone";
			};
			name = Debug;
		};
		EF861E7C2914EDD200E006A6 /* Release */ = {
			isa = XCBuildConfiguration;
			buildSettings = {
				ALWAYS_SEARCH_USER_PATHS = NO;
				CLANG_ANALYZER_NONNULL = YES;
				CLANG_ANALYZER_NUMBER_OBJECT_CONVERSION = YES_AGGRESSIVE;
				CLANG_CXX_LANGUAGE_STANDARD = "gnu++20";
				CLANG_ENABLE_MODULES = YES;
				CLANG_ENABLE_OBJC_ARC = YES;
				CLANG_ENABLE_OBJC_WEAK = YES;
				CLANG_WARN_BLOCK_CAPTURE_AUTORELEASING = YES;
				CLANG_WARN_BOOL_CONVERSION = YES;
				CLANG_WARN_COMMA = YES;
				CLANG_WARN_CONSTANT_CONVERSION = YES;
				CLANG_WARN_DEPRECATED_OBJC_IMPLEMENTATIONS = YES;
				CLANG_WARN_DIRECT_OBJC_ISA_USAGE = YES_ERROR;
				CLANG_WARN_DOCUMENTATION_COMMENTS = YES;
				CLANG_WARN_EMPTY_BODY = YES;
				CLANG_WARN_ENUM_CONVERSION = YES;
				CLANG_WARN_INFINITE_RECURSION = YES;
				CLANG_WARN_INT_CONVERSION = YES;
				CLANG_WARN_NON_LITERAL_NULL_CONVERSION = YES;
				CLANG_WARN_OBJC_IMPLICIT_RETAIN_SELF = YES;
				CLANG_WARN_OBJC_LITERAL_CONVERSION = YES;
				CLANG_WARN_OBJC_ROOT_CLASS = YES_ERROR;
				CLANG_WARN_QUOTED_INCLUDE_IN_FRAMEWORK_HEADER = YES;
				CLANG_WARN_RANGE_LOOP_ANALYSIS = YES;
				CLANG_WARN_STRICT_PROTOTYPES = YES;
				CLANG_WARN_SUSPICIOUS_MOVE = YES;
				CLANG_WARN_UNGUARDED_AVAILABILITY = YES_AGGRESSIVE;
				CLANG_WARN_UNREACHABLE_CODE = YES;
				CLANG_WARN__DUPLICATE_METHOD_MATCH = YES;
				COPY_PHASE_STRIP = NO;
				DEBUG_INFORMATION_FORMAT = "dwarf-with-dsym";
				ENABLE_NS_ASSERTIONS = NO;
				ENABLE_STRICT_OBJC_MSGSEND = YES;
				GCC_C_LANGUAGE_STANDARD = gnu11;
				GCC_NO_COMMON_BLOCKS = YES;
				GCC_WARN_64_TO_32_BIT_CONVERSION = YES;
				GCC_WARN_ABOUT_RETURN_TYPE = YES_ERROR;
				GCC_WARN_UNDECLARED_SELECTOR = YES;
				GCC_WARN_UNINITIALIZED_AUTOS = YES_AGGRESSIVE;
				GCC_WARN_UNUSED_FUNCTION = YES;
				GCC_WARN_UNUSED_VARIABLE = YES;
				IPHONEOS_DEPLOYMENT_TARGET = 16.0;
				MTL_ENABLE_DEBUG_INFO = NO;
				MTL_FAST_MATH = YES;
				SDKROOT = iphoneos;
				SWIFT_COMPILATION_MODE = wholemodule;
				SWIFT_OPTIMIZATION_LEVEL = "-O";
				VALIDATE_PRODUCT = YES;
			};
			name = Release;
		};
		EF861E7E2914EDD200E006A6 /* Debug */ = {
			isa = XCBuildConfiguration;
			buildSettings = {
				ASSETCATALOG_COMPILER_APPICON_NAME = AppIcon;
				ASSETCATALOG_COMPILER_GLOBAL_ACCENT_COLOR_NAME = AccentColor;
				CODE_SIGN_STYLE = Automatic;
				CURRENT_PROJECT_VERSION = 1;
				DEVELOPMENT_TEAM = AJ7MW2XDAX;
				GENERATE_INFOPLIST_FILE = YES;
				INFOPLIST_FILE = "57-problems-coding-skills/Info.plist";
				INFOPLIST_KEY_UIApplicationSupportsIndirectInputEvents = YES;
				INFOPLIST_KEY_UILaunchStoryboardName = LaunchScreen;
				INFOPLIST_KEY_UIMainStoryboardFile = Main;
				INFOPLIST_KEY_UISupportedInterfaceOrientations_iPad = "UIInterfaceOrientationPortrait UIInterfaceOrientationPortraitUpsideDown UIInterfaceOrientationLandscapeLeft UIInterfaceOrientationLandscapeRight";
				INFOPLIST_KEY_UISupportedInterfaceOrientations_iPhone = "UIInterfaceOrientationPortrait UIInterfaceOrientationLandscapeLeft UIInterfaceOrientationLandscapeRight";
				LD_RUNPATH_SEARCH_PATHS = (
					"$(inherited)",
					"@executable_path/Frameworks",
				);
				MARKETING_VERSION = 1.0;
				PRODUCT_BUNDLE_IDENTIFIER = "justme.-7-problems-coding-skills";
				PRODUCT_NAME = "$(TARGET_NAME)";
				SWIFT_EMIT_LOC_STRINGS = YES;
				SWIFT_VERSION = 5.0;
				TARGETED_DEVICE_FAMILY = "1,2";
			};
			name = Debug;
		};
		EF861E7F2914EDD200E006A6 /* Release */ = {
			isa = XCBuildConfiguration;
			buildSettings = {
				ASSETCATALOG_COMPILER_APPICON_NAME = AppIcon;
				ASSETCATALOG_COMPILER_GLOBAL_ACCENT_COLOR_NAME = AccentColor;
				CODE_SIGN_STYLE = Automatic;
				CURRENT_PROJECT_VERSION = 1;
				DEVELOPMENT_TEAM = AJ7MW2XDAX;
				GENERATE_INFOPLIST_FILE = YES;
				INFOPLIST_FILE = "57-problems-coding-skills/Info.plist";
				INFOPLIST_KEY_UIApplicationSupportsIndirectInputEvents = YES;
				INFOPLIST_KEY_UILaunchStoryboardName = LaunchScreen;
				INFOPLIST_KEY_UIMainStoryboardFile = Main;
				INFOPLIST_KEY_UISupportedInterfaceOrientations_iPad = "UIInterfaceOrientationPortrait UIInterfaceOrientationPortraitUpsideDown UIInterfaceOrientationLandscapeLeft UIInterfaceOrientationLandscapeRight";
				INFOPLIST_KEY_UISupportedInterfaceOrientations_iPhone = "UIInterfaceOrientationPortrait UIInterfaceOrientationLandscapeLeft UIInterfaceOrientationLandscapeRight";
				LD_RUNPATH_SEARCH_PATHS = (
					"$(inherited)",
					"@executable_path/Frameworks",
				);
				MARKETING_VERSION = 1.0;
				PRODUCT_BUNDLE_IDENTIFIER = "justme.-7-problems-coding-skills";
				PRODUCT_NAME = "$(TARGET_NAME)";
				SWIFT_EMIT_LOC_STRINGS = YES;
				SWIFT_VERSION = 5.0;
				TARGETED_DEVICE_FAMILY = "1,2";
			};
			name = Release;
		};
		EF861E812914EDD200E006A6 /* Debug */ = {
			isa = XCBuildConfiguration;
			buildSettings = {
				ALWAYS_EMBED_SWIFT_STANDARD_LIBRARIES = YES;
				BUNDLE_LOADER = "$(TEST_HOST)";
				CLANG_ENABLE_MODULES = YES;
				CODE_SIGN_STYLE = Automatic;
				CURRENT_PROJECT_VERSION = 1;
				DEVELOPMENT_TEAM = AJ7MW2XDAX;
				GENERATE_INFOPLIST_FILE = YES;
				IPHONEOS_DEPLOYMENT_TARGET = 16.0;
				LD_RUNPATH_SEARCH_PATHS = (
					"$(inherited)",
					"@executable_path/Frameworks",
					"@loader_path/Frameworks",
				);
				MARKETING_VERSION = 1.0;
				PRODUCT_BUNDLE_IDENTIFIER = "justme.-7-problems-coding-skillsTests";
				PRODUCT_NAME = "$(TARGET_NAME)";
				SWIFT_EMIT_LOC_STRINGS = NO;
				SWIFT_OPTIMIZATION_LEVEL = "-Onone";
				SWIFT_VERSION = 5.0;
				TARGETED_DEVICE_FAMILY = "1,2";
				TEST_HOST = "$(BUILT_PRODUCTS_DIR)/57-problems-coding-skills.app/$(BUNDLE_EXECUTABLE_FOLDER_PATH)/57-problems-coding-skills";
			};
			name = Debug;
		};
		EF861E822914EDD200E006A6 /* Release */ = {
			isa = XCBuildConfiguration;
			buildSettings = {
				ALWAYS_EMBED_SWIFT_STANDARD_LIBRARIES = YES;
				BUNDLE_LOADER = "$(TEST_HOST)";
				CLANG_ENABLE_MODULES = YES;
				CODE_SIGN_STYLE = Automatic;
				CURRENT_PROJECT_VERSION = 1;
				DEVELOPMENT_TEAM = AJ7MW2XDAX;
				GENERATE_INFOPLIST_FILE = YES;
				IPHONEOS_DEPLOYMENT_TARGET = 16.0;
				LD_RUNPATH_SEARCH_PATHS = (
					"$(inherited)",
					"@executable_path/Frameworks",
					"@loader_path/Frameworks",
				);
				MARKETING_VERSION = 1.0;
				PRODUCT_BUNDLE_IDENTIFIER = "justme.-7-problems-coding-skillsTests";
				PRODUCT_NAME = "$(TARGET_NAME)";
				SWIFT_EMIT_LOC_STRINGS = NO;
				SWIFT_VERSION = 5.0;
				TARGETED_DEVICE_FAMILY = "1,2";
				TEST_HOST = "$(BUILT_PRODUCTS_DIR)/57-problems-coding-skills.app/$(BUNDLE_EXECUTABLE_FOLDER_PATH)/57-problems-coding-skills";
			};
			name = Release;
		};
		EF861E842914EDD200E006A6 /* Debug */ = {
			isa = XCBuildConfiguration;
			buildSettings = {
				ALWAYS_EMBED_SWIFT_STANDARD_LIBRARIES = YES;
				CODE_SIGN_STYLE = Automatic;
				CURRENT_PROJECT_VERSION = 1;
				DEVELOPMENT_TEAM = AJ7MW2XDAX;
				GENERATE_INFOPLIST_FILE = YES;
				MARKETING_VERSION = 1.0;
				PRODUCT_BUNDLE_IDENTIFIER = "justme.-7-problems-coding-skillsUITests";
				PRODUCT_NAME = "$(TARGET_NAME)";
				SWIFT_EMIT_LOC_STRINGS = NO;
				SWIFT_VERSION = 5.0;
				TARGETED_DEVICE_FAMILY = "1,2";
				TEST_TARGET_NAME = "57-problems-coding-skills";
			};
			name = Debug;
		};
		EF861E852914EDD200E006A6 /* Release */ = {
			isa = XCBuildConfiguration;
			buildSettings = {
				ALWAYS_EMBED_SWIFT_STANDARD_LIBRARIES = YES;
				CODE_SIGN_STYLE = Automatic;
				CURRENT_PROJECT_VERSION = 1;
				DEVELOPMENT_TEAM = AJ7MW2XDAX;
				GENERATE_INFOPLIST_FILE = YES;
				MARKETING_VERSION = 1.0;
				PRODUCT_BUNDLE_IDENTIFIER = "justme.-7-problems-coding-skillsUITests";
				PRODUCT_NAME = "$(TARGET_NAME)";
				SWIFT_EMIT_LOC_STRINGS = NO;
				SWIFT_VERSION = 5.0;
				TARGETED_DEVICE_FAMILY = "1,2";
				TEST_TARGET_NAME = "57-problems-coding-skills";
			};
			name = Release;
		};
/* End XCBuildConfiguration section */

/* Begin XCConfigurationList section */
		EF861E4E2914EDD100E006A6 /* Build configuration list for PBXProject "57-problems-coding-skills" */ = {
			isa = XCConfigurationList;
			buildConfigurations = (
				EF861E7B2914EDD200E006A6 /* Debug */,
				EF861E7C2914EDD200E006A6 /* Release */,
			);
			defaultConfigurationIsVisible = 0;
			defaultConfigurationName = Release;
		};
		EF861E7D2914EDD200E006A6 /* Build configuration list for PBXNativeTarget "57-problems-coding-skills" */ = {
			isa = XCConfigurationList;
			buildConfigurations = (
				EF861E7E2914EDD200E006A6 /* Debug */,
				EF861E7F2914EDD200E006A6 /* Release */,
			);
			defaultConfigurationIsVisible = 0;
			defaultConfigurationName = Release;
		};
		EF861E802914EDD200E006A6 /* Build configuration list for PBXNativeTarget "57-problems-coding-skillsTests" */ = {
			isa = XCConfigurationList;
			buildConfigurations = (
				EF861E812914EDD200E006A6 /* Debug */,
				EF861E822914EDD200E006A6 /* Release */,
			);
			defaultConfigurationIsVisible = 0;
			defaultConfigurationName = Release;
		};
		EF861E832914EDD200E006A6 /* Build configuration list for PBXNativeTarget "57-problems-coding-skillsUITests" */ = {
			isa = XCConfigurationList;
			buildConfigurations = (
				EF861E842914EDD200E006A6 /* Debug */,
				EF861E852914EDD200E006A6 /* Release */,
			);
			defaultConfigurationIsVisible = 0;
			defaultConfigurationName = Release;
		};
/* End XCConfigurationList section */
	};
	rootObject = EF861E4B2914EDD100E006A6 /* Project object */;
}
